// !$*UTF8*$!
{
	archiveVersion = 1;
	classes = {
	};
	objectVersion = 51;
	objects = {

/* Begin PBXBuildFile section */
		370A4845D798C273679ED6EE /* Pods_Watashi_.framework in Frameworks */ = {isa = PBXBuildFile; fileRef = DFD50D9FA176D0DE9D84F5E4 /* Pods_Watashi_.framework */; };
		531C9F8823FD2F0500391B77 /* SWSeasonRecommendViewController.swift in Sources */ = {isa = PBXBuildFile; fileRef = 531C9F8723FD2F0500391B77 /* SWSeasonRecommendViewController.swift */; };
		532142202403C57500BB5977 /* SwRepurchaseViewController.swift in Sources */ = {isa = PBXBuildFile; fileRef = 5321421F2403C57500BB5977 /* SwRepurchaseViewController.swift */; };
		532142272403C5AD00BB5977 /* SWAccountViewController.swift in Sources */ = {isa = PBXBuildFile; fileRef = 532142262403C5AD00BB5977 /* SWAccountViewController.swift */; };
		532142292403C6EB00BB5977 /* Account.storyboard in Resources */ = {isa = PBXBuildFile; fileRef = 532142282403C6EB00BB5977 /* Account.storyboard */; };
		5321422B2403C71600BB5977 /* Repurchase.storyboard in Resources */ = {isa = PBXBuildFile; fileRef = 5321422A2403C71600BB5977 /* Repurchase.storyboard */; };
		5322D4A523FE1A200069D0C9 /* SWCheckNewProductsCell.swift in Sources */ = {isa = PBXBuildFile; fileRef = 5322D4A423FE1A200069D0C9 /* SWCheckNewProductsCell.swift */; };
		532C3D992403C11C00B12A2A /* SWCartViewController.swift in Sources */ = {isa = PBXBuildFile; fileRef = 532C3D982403C11C00B12A2A /* SWCartViewController.swift */; };
		533C5A1A23FBB03600735670 /* SWSearchViewController.swift in Sources */ = {isa = PBXBuildFile; fileRef = 533C5A1923FBB03600735670 /* SWSearchViewController.swift */; };
		533C5A2A23FBB10100735670 /* PageContentView.swift in Sources */ = {isa = PBXBuildFile; fileRef = 533C5A1F23FBB10000735670 /* PageContentView.swift */; };
		533C5A2B23FBB10100735670 /* PageTitleView.swift in Sources */ = {isa = PBXBuildFile; fileRef = 533C5A2023FBB10000735670 /* PageTitleView.swift */; };
		533C5A2C23FBB10100735670 /* PageContentView+Rx.swift in Sources */ = {isa = PBXBuildFile; fileRef = 533C5A2123FBB10100735670 /* PageContentView+Rx.swift */; };
		533C5A2D23FBB10100735670 /* Protocal.swift in Sources */ = {isa = PBXBuildFile; fileRef = 533C5A2223FBB10100735670 /* Protocal.swift */; };
		533C5A2E23FBB10100735670 /* PageCollectionViewFlowLayout.swift in Sources */ = {isa = PBXBuildFile; fileRef = 533C5A2323FBB10100735670 /* PageCollectionViewFlowLayout.swift */; };
		533C5A2F23FBB10100735670 /* Helper.swift in Sources */ = {isa = PBXBuildFile; fileRef = 533C5A2423FBB10100735670 /* Helper.swift */; };
		533C5A3023FBB10100735670 /* PageStyle.swift in Sources */ = {isa = PBXBuildFile; fileRef = 533C5A2523FBB10100735670 /* PageStyle.swift */; };
		533C5A3123FBB10100735670 /* RxPageTitleViewDelegateProxy.swift in Sources */ = {isa = PBXBuildFile; fileRef = 533C5A2623FBB10100735670 /* RxPageTitleViewDelegateProxy.swift */; };
		533C5A3323FBB10100735670 /* PageTitleView+Rx.swift in Sources */ = {isa = PBXBuildFile; fileRef = 533C5A2823FBB10100735670 /* PageTitleView+Rx.swift */; };
		533C5A3423FBB10100735670 /* RxPageContentViewDelegateProxy.swift in Sources */ = {isa = PBXBuildFile; fileRef = 533C5A2923FBB10100735670 /* RxPageContentViewDelegateProxy.swift */; };
		533C5A3823FBB1B100735670 /* Search.storyboard in Resources */ = {isa = PBXBuildFile; fileRef = 533C5A3723FBB1B100735670 /* Search.storyboard */; };
		533C5A3A23FBB39700735670 /* SWBaseViewController.swift in Sources */ = {isa = PBXBuildFile; fileRef = 533C5A3923FBB39700735670 /* SWBaseViewController.swift */; };
		534C132A23FF6F8B00FEE103 /* SWBaseViewModel.swift in Sources */ = {isa = PBXBuildFile; fileRef = 534C132923FF6F8B00FEE103 /* SWBaseViewModel.swift */; };
		537BD83B2403C1A30069C44C /* Cart.storyboard in Resources */ = {isa = PBXBuildFile; fileRef = 537BD83A2403C1A30069C44C /* Cart.storyboard */; };
		5389E93624050D8900F18377 /* SWCheckNewProductsViewController.swift in Sources */ = {isa = PBXBuildFile; fileRef = 5389E93524050D8800F18377 /* SWCheckNewProductsViewController.swift */; };
		5389E93824050DC700F18377 /* SWTrendViewController.swift in Sources */ = {isa = PBXBuildFile; fileRef = 5389E93724050DC700F18377 /* SWTrendViewController.swift */; };
		5389E93A24050E1500F18377 /* SWHomeViewController.swift in Sources */ = {isa = PBXBuildFile; fileRef = 5389E93924050E1500F18377 /* SWHomeViewController.swift */; };
		53AC692323FB742C0088CBC0 /* SWAppDelegate.swift in Sources */ = {isa = PBXBuildFile; fileRef = 53AC692223FB742C0088CBC0 /* SWAppDelegate.swift */; };
		53AC692C23FB742D0088CBC0 /* Assets.xcassets in Resources */ = {isa = PBXBuildFile; fileRef = 53AC692B23FB742D0088CBC0 /* Assets.xcassets */; };
		53AC692F23FB742D0088CBC0 /* LaunchScreen.storyboard in Resources */ = {isa = PBXBuildFile; fileRef = 53AC692D23FB742D0088CBC0 /* LaunchScreen.storyboard */; };
		53AC693A23FB742D0088CBC0 /* Watashi_Tests.swift in Sources */ = {isa = PBXBuildFile; fileRef = 53AC693923FB742D0088CBC0 /* Watashi_Tests.swift */; };
		53AC694523FB742D0088CBC0 /* Watashi_UITests.swift in Sources */ = {isa = PBXBuildFile; fileRef = 53AC694423FB742D0088CBC0 /* Watashi_UITests.swift */; };
		53AC697723FB83650088CBC0 /* SWBaseCollectionViewCell.swift in Sources */ = {isa = PBXBuildFile; fileRef = 53AC696823FB83650088CBC0 /* SWBaseCollectionViewCell.swift */; };
		53AC698123FB83650088CBC0 /* SWUIView+Rx.swift in Sources */ = {isa = PBXBuildFile; fileRef = 53AC697423FB83650088CBC0 /* SWUIView+Rx.swift */; };
		53AC698A23FB851D0088CBC0 /* SWConstant.swift in Sources */ = {isa = PBXBuildFile; fileRef = 53AC698523FB851D0088CBC0 /* SWConstant.swift */; };
		53AC698E23FB851D0088CBC0 /* SWAppConfig.swift in Sources */ = {isa = PBXBuildFile; fileRef = 53AC698923FB851D0088CBC0 /* SWAppConfig.swift */; };
		53AC699523FB869C0088CBC0 /* SWNetworkRequest.swift in Sources */ = {isa = PBXBuildFile; fileRef = 53AC699423FB869C0088CBC0 /* SWNetworkRequest.swift */; };
		53AC699723FB873F0088CBC0 /* SWNetworkConfig.swift in Sources */ = {isa = PBXBuildFile; fileRef = 53AC699623FB873F0088CBC0 /* SWNetworkConfig.swift */; };
		53AC69A323FBABDE0088CBC0 /* Main.storyboard in Resources */ = {isa = PBXBuildFile; fileRef = 53AC69A223FBABDE0088CBC0 /* Main.storyboard */; };
		53AC69A523FBACBF0088CBC0 /* Home.storyboard in Resources */ = {isa = PBXBuildFile; fileRef = 53AC69A423FBACBF0088CBC0 /* Home.storyboard */; };
		53CF47A123FBE333005A52B9 /* ApiManager.swift in Sources */ = {isa = PBXBuildFile; fileRef = 53CF47A023FBE333005A52B9 /* ApiManager.swift */; };
		53D07EF22403935C00607088 /* SWCheckNewProductsModel.swift in Sources */ = {isa = PBXBuildFile; fileRef = 53D07EF12403935C00607088 /* SWCheckNewProductsModel.swift */; };
		53D07EF624039A4100607088 /* SWHomeSearchField.swift in Sources */ = {isa = PBXBuildFile; fileRef = 53D07EF524039A4100607088 /* SWHomeSearchField.swift */; };
		53D07EF82403A4FE00607088 /* SWUITextFieldExtension.swift in Sources */ = {isa = PBXBuildFile; fileRef = 53D07EF72403A4FE00607088 /* SWUITextFieldExtension.swift */; };
		53D07EFA2403B4E400607088 /* SWUIControlExtension.swift in Sources */ = {isa = PBXBuildFile; fileRef = 53D07EF92403B4E400607088 /* SWUIControlExtension.swift */; };
		53EC33EA2405152A0003C1E4 /* StarView.swift in Sources */ = {isa = PBXBuildFile; fileRef = 53EC33E92405152A0003C1E4 /* StarView.swift */; };
		53F6429B23FE6CCE00420A6F /* SWCheckNewProductsHeaderView.swift in Sources */ = {isa = PBXBuildFile; fileRef = 53F6429A23FE6CCE00420A6F /* SWCheckNewProductsHeaderView.swift */; };
		53F6429D23FE6D0600420A6F /* SWCheckNewProductsHeaderView.xib in Resources */ = {isa = PBXBuildFile; fileRef = 53F6429C23FE6D0600420A6F /* SWCheckNewProductsHeaderView.xib */; };
		81741550240515220033FE43 /* StarView.swift in Sources */ = {isa = PBXBuildFile; fileRef = 8174154F240515210033FE43 /* StarView.swift */; };
		8180CBD92404B9D400D03230 /* SWSemiModalView.swift in Sources */ = {isa = PBXBuildFile; fileRef = 8180CBD82404B9D400D03230 /* SWSemiModalView.swift */; };
/* End PBXBuildFile section */

/* Begin PBXContainerItemProxy section */
		53AC693623FB742D0088CBC0 /* PBXContainerItemProxy */ = {
			isa = PBXContainerItemProxy;
			containerPortal = 53AC691723FB742C0088CBC0 /* Project object */;
			proxyType = 1;
			remoteGlobalIDString = 53AC691E23FB742C0088CBC0;
			remoteInfo = "Watashi+";
		};
		53AC694123FB742D0088CBC0 /* PBXContainerItemProxy */ = {
			isa = PBXContainerItemProxy;
			containerPortal = 53AC691723FB742C0088CBC0 /* Project object */;
			proxyType = 1;
			remoteGlobalIDString = 53AC691E23FB742C0088CBC0;
			remoteInfo = "Watashi+";
		};
/* End PBXContainerItemProxy section */

/* Begin PBXCopyFilesBuildPhase section */
		53AC699E23FB90160088CBC0 /* CopyFiles */ = {
			isa = PBXCopyFilesBuildPhase;
			buildActionMask = 2147483647;
			dstPath = "";
			dstSubfolderSpec = 10;
			files = (
			);
			runOnlyForDeploymentPostprocessing = 0;
		};
/* End PBXCopyFilesBuildPhase section */

/* Begin PBXFileReference section */
		09D71B44D6B9FF28BB61F630 /* Pods-Watashi+.release.xcconfig */ = {isa = PBXFileReference; includeInIndex = 1; lastKnownFileType = text.xcconfig; name = "Pods-Watashi+.release.xcconfig"; path = "Target Support Files/Pods-Watashi+/Pods-Watashi+.release.xcconfig"; sourceTree = "<group>"; };
		531C9F8723FD2F0500391B77 /* SWSeasonRecommendViewController.swift */ = {isa = PBXFileReference; lastKnownFileType = sourcecode.swift; path = SWSeasonRecommendViewController.swift; sourceTree = "<group>"; };
		5321421F2403C57500BB5977 /* SwRepurchaseViewController.swift */ = {isa = PBXFileReference; lastKnownFileType = sourcecode.swift; path = SwRepurchaseViewController.swift; sourceTree = "<group>"; };
		532142262403C5AD00BB5977 /* SWAccountViewController.swift */ = {isa = PBXFileReference; lastKnownFileType = sourcecode.swift; path = SWAccountViewController.swift; sourceTree = "<group>"; };
		532142282403C6EB00BB5977 /* Account.storyboard */ = {isa = PBXFileReference; lastKnownFileType = file.storyboard; path = Account.storyboard; sourceTree = "<group>"; };
		5321422A2403C71600BB5977 /* Repurchase.storyboard */ = {isa = PBXFileReference; lastKnownFileType = file.storyboard; path = Repurchase.storyboard; sourceTree = "<group>"; };
		5322D4A423FE1A200069D0C9 /* SWCheckNewProductsCell.swift */ = {isa = PBXFileReference; lastKnownFileType = sourcecode.swift; path = SWCheckNewProductsCell.swift; sourceTree = "<group>"; };
		532C3D982403C11C00B12A2A /* SWCartViewController.swift */ = {isa = PBXFileReference; lastKnownFileType = sourcecode.swift; path = SWCartViewController.swift; sourceTree = "<group>"; };
		533C5A1923FBB03600735670 /* SWSearchViewController.swift */ = {isa = PBXFileReference; lastKnownFileType = sourcecode.swift; path = SWSearchViewController.swift; sourceTree = "<group>"; };
		533C5A1F23FBB10000735670 /* PageContentView.swift */ = {isa = PBXFileReference; fileEncoding = 4; lastKnownFileType = sourcecode.swift; path = PageContentView.swift; sourceTree = "<group>"; };
		533C5A2023FBB10000735670 /* PageTitleView.swift */ = {isa = PBXFileReference; fileEncoding = 4; lastKnownFileType = sourcecode.swift; path = PageTitleView.swift; sourceTree = "<group>"; };
		533C5A2123FBB10100735670 /* PageContentView+Rx.swift */ = {isa = PBXFileReference; fileEncoding = 4; lastKnownFileType = sourcecode.swift; path = "PageContentView+Rx.swift"; sourceTree = "<group>"; };
		533C5A2223FBB10100735670 /* Protocal.swift */ = {isa = PBXFileReference; fileEncoding = 4; lastKnownFileType = sourcecode.swift; path = Protocal.swift; sourceTree = "<group>"; };
		533C5A2323FBB10100735670 /* PageCollectionViewFlowLayout.swift */ = {isa = PBXFileReference; fileEncoding = 4; lastKnownFileType = sourcecode.swift; path = PageCollectionViewFlowLayout.swift; sourceTree = "<group>"; };
		533C5A2423FBB10100735670 /* Helper.swift */ = {isa = PBXFileReference; fileEncoding = 4; lastKnownFileType = sourcecode.swift; path = Helper.swift; sourceTree = "<group>"; };
		533C5A2523FBB10100735670 /* PageStyle.swift */ = {isa = PBXFileReference; fileEncoding = 4; lastKnownFileType = sourcecode.swift; path = PageStyle.swift; sourceTree = "<group>"; };
		533C5A2623FBB10100735670 /* RxPageTitleViewDelegateProxy.swift */ = {isa = PBXFileReference; fileEncoding = 4; lastKnownFileType = sourcecode.swift; path = RxPageTitleViewDelegateProxy.swift; sourceTree = "<group>"; };
		533C5A2823FBB10100735670 /* PageTitleView+Rx.swift */ = {isa = PBXFileReference; fileEncoding = 4; lastKnownFileType = sourcecode.swift; path = "PageTitleView+Rx.swift"; sourceTree = "<group>"; };
		533C5A2923FBB10100735670 /* RxPageContentViewDelegateProxy.swift */ = {isa = PBXFileReference; fileEncoding = 4; lastKnownFileType = sourcecode.swift; path = RxPageContentViewDelegateProxy.swift; sourceTree = "<group>"; };
		533C5A3723FBB1B100735670 /* Search.storyboard */ = {isa = PBXFileReference; lastKnownFileType = file.storyboard; path = Search.storyboard; sourceTree = "<group>"; };
		533C5A3923FBB39700735670 /* SWBaseViewController.swift */ = {isa = PBXFileReference; lastKnownFileType = sourcecode.swift; path = SWBaseViewController.swift; sourceTree = "<group>"; };
		534C132923FF6F8B00FEE103 /* SWBaseViewModel.swift */ = {isa = PBXFileReference; lastKnownFileType = sourcecode.swift; path = SWBaseViewModel.swift; sourceTree = "<group>"; };
		537BD83A2403C1A30069C44C /* Cart.storyboard */ = {isa = PBXFileReference; lastKnownFileType = file.storyboard; path = Cart.storyboard; sourceTree = "<group>"; };
		5389E93524050D8800F18377 /* SWCheckNewProductsViewController.swift */ = {isa = PBXFileReference; fileEncoding = 4; lastKnownFileType = sourcecode.swift; path = SWCheckNewProductsViewController.swift; sourceTree = "<group>"; };
		5389E93724050DC700F18377 /* SWTrendViewController.swift */ = {isa = PBXFileReference; fileEncoding = 4; lastKnownFileType = sourcecode.swift; path = SWTrendViewController.swift; sourceTree = "<group>"; };
		5389E93924050E1500F18377 /* SWHomeViewController.swift */ = {isa = PBXFileReference; fileEncoding = 4; lastKnownFileType = sourcecode.swift; path = SWHomeViewController.swift; sourceTree = "<group>"; };
		53AC691F23FB742C0088CBC0 /* Watashi+.app */ = {isa = PBXFileReference; explicitFileType = wrapper.application; includeInIndex = 0; path = "Watashi+.app"; sourceTree = BUILT_PRODUCTS_DIR; };
		53AC692223FB742C0088CBC0 /* SWAppDelegate.swift */ = {isa = PBXFileReference; lastKnownFileType = sourcecode.swift; path = SWAppDelegate.swift; sourceTree = "<group>"; };
		53AC692B23FB742D0088CBC0 /* Assets.xcassets */ = {isa = PBXFileReference; lastKnownFileType = folder.assetcatalog; path = Assets.xcassets; sourceTree = "<group>"; };
		53AC692E23FB742D0088CBC0 /* Base */ = {isa = PBXFileReference; lastKnownFileType = file.storyboard; name = Base; path = Base.lproj/LaunchScreen.storyboard; sourceTree = "<group>"; };
		53AC693023FB742D0088CBC0 /* Info.plist */ = {isa = PBXFileReference; lastKnownFileType = text.plist.xml; path = Info.plist; sourceTree = "<group>"; };
		53AC693523FB742D0088CBC0 /* Watashi+Tests.xctest */ = {isa = PBXFileReference; explicitFileType = wrapper.cfbundle; includeInIndex = 0; path = "Watashi+Tests.xctest"; sourceTree = BUILT_PRODUCTS_DIR; };
		53AC693923FB742D0088CBC0 /* Watashi_Tests.swift */ = {isa = PBXFileReference; lastKnownFileType = sourcecode.swift; path = Watashi_Tests.swift; sourceTree = "<group>"; };
		53AC693B23FB742D0088CBC0 /* Info.plist */ = {isa = PBXFileReference; lastKnownFileType = text.plist.xml; path = Info.plist; sourceTree = "<group>"; };
		53AC694023FB742D0088CBC0 /* Watashi+UITests.xctest */ = {isa = PBXFileReference; explicitFileType = wrapper.cfbundle; includeInIndex = 0; path = "Watashi+UITests.xctest"; sourceTree = BUILT_PRODUCTS_DIR; };
		53AC694423FB742D0088CBC0 /* Watashi_UITests.swift */ = {isa = PBXFileReference; lastKnownFileType = sourcecode.swift; path = Watashi_UITests.swift; sourceTree = "<group>"; };
		53AC694623FB742D0088CBC0 /* Info.plist */ = {isa = PBXFileReference; lastKnownFileType = text.plist.xml; path = Info.plist; sourceTree = "<group>"; };
		53AC696823FB83650088CBC0 /* SWBaseCollectionViewCell.swift */ = {isa = PBXFileReference; fileEncoding = 4; lastKnownFileType = sourcecode.swift; path = SWBaseCollectionViewCell.swift; sourceTree = "<group>"; };
		53AC697423FB83650088CBC0 /* SWUIView+Rx.swift */ = {isa = PBXFileReference; fileEncoding = 4; lastKnownFileType = sourcecode.swift; path = "SWUIView+Rx.swift"; sourceTree = "<group>"; };
		53AC698523FB851D0088CBC0 /* SWConstant.swift */ = {isa = PBXFileReference; fileEncoding = 4; lastKnownFileType = sourcecode.swift; path = SWConstant.swift; sourceTree = "<group>"; };
		53AC698923FB851D0088CBC0 /* SWAppConfig.swift */ = {isa = PBXFileReference; fileEncoding = 4; lastKnownFileType = sourcecode.swift; path = SWAppConfig.swift; sourceTree = "<group>"; };
		53AC699423FB869C0088CBC0 /* SWNetworkRequest.swift */ = {isa = PBXFileReference; fileEncoding = 4; lastKnownFileType = sourcecode.swift; path = SWNetworkRequest.swift; sourceTree = "<group>"; };
		53AC699623FB873F0088CBC0 /* SWNetworkConfig.swift */ = {isa = PBXFileReference; fileEncoding = 4; lastKnownFileType = sourcecode.swift; path = SWNetworkConfig.swift; sourceTree = "<group>"; };
		53AC69A223FBABDE0088CBC0 /* Main.storyboard */ = {isa = PBXFileReference; fileEncoding = 4; lastKnownFileType = file.storyboard; path = Main.storyboard; sourceTree = "<group>"; };
		53AC69A423FBACBF0088CBC0 /* Home.storyboard */ = {isa = PBXFileReference; lastKnownFileType = file.storyboard; path = Home.storyboard; sourceTree = "<group>"; };
		53CF47A023FBE333005A52B9 /* ApiManager.swift */ = {isa = PBXFileReference; lastKnownFileType = sourcecode.swift; path = ApiManager.swift; sourceTree = "<group>"; };
		53D07EF12403935C00607088 /* SWCheckNewProductsModel.swift */ = {isa = PBXFileReference; lastKnownFileType = sourcecode.swift; path = SWCheckNewProductsModel.swift; sourceTree = "<group>"; };
		53D07EF524039A4100607088 /* SWHomeSearchField.swift */ = {isa = PBXFileReference; lastKnownFileType = sourcecode.swift; path = SWHomeSearchField.swift; sourceTree = "<group>"; };
		53D07EF72403A4FE00607088 /* SWUITextFieldExtension.swift */ = {isa = PBXFileReference; fileEncoding = 4; lastKnownFileType = sourcecode.swift; path = SWUITextFieldExtension.swift; sourceTree = "<group>"; };
		53D07EF92403B4E400607088 /* SWUIControlExtension.swift */ = {isa = PBXFileReference; lastKnownFileType = sourcecode.swift; path = SWUIControlExtension.swift; sourceTree = "<group>"; };
		53EC33E92405152A0003C1E4 /* StarView.swift */ = {isa = PBXFileReference; fileEncoding = 4; lastKnownFileType = sourcecode.swift; path = StarView.swift; sourceTree = "<group>"; };
		53F6429A23FE6CCE00420A6F /* SWCheckNewProductsHeaderView.swift */ = {isa = PBXFileReference; lastKnownFileType = sourcecode.swift; path = SWCheckNewProductsHeaderView.swift; sourceTree = "<group>"; };
		53F6429C23FE6D0600420A6F /* SWCheckNewProductsHeaderView.xib */ = {isa = PBXFileReference; lastKnownFileType = file.xib; path = SWCheckNewProductsHeaderView.xib; sourceTree = "<group>"; };
		8174154F240515210033FE43 /* StarView.swift */ = {isa = PBXFileReference; fileEncoding = 4; lastKnownFileType = sourcecode.swift; path = StarView.swift; sourceTree = "<group>"; };
		8180CBD82404B9D400D03230 /* SWSemiModalView.swift */ = {isa = PBXFileReference; fileEncoding = 4; lastKnownFileType = sourcecode.swift; path = SWSemiModalView.swift; sourceTree = "<group>"; };
		DBF513BC83C284E25B10A497 /* Pods-Watashi+.debug.xcconfig */ = {isa = PBXFileReference; includeInIndex = 1; lastKnownFileType = text.xcconfig; name = "Pods-Watashi+.debug.xcconfig"; path = "Target Support Files/Pods-Watashi+/Pods-Watashi+.debug.xcconfig"; sourceTree = "<group>"; };
		DFD50D9FA176D0DE9D84F5E4 /* Pods_Watashi_.framework */ = {isa = PBXFileReference; explicitFileType = wrapper.framework; includeInIndex = 0; path = Pods_Watashi_.framework; sourceTree = BUILT_PRODUCTS_DIR; };
/* End PBXFileReference section */

/* Begin PBXFrameworksBuildPhase section */
		53AC691C23FB742C0088CBC0 /* Frameworks */ = {
			isa = PBXFrameworksBuildPhase;
			buildActionMask = 2147483647;
			files = (
				370A4845D798C273679ED6EE /* Pods_Watashi_.framework in Frameworks */,
			);
			runOnlyForDeploymentPostprocessing = 0;
		};
		53AC693223FB742D0088CBC0 /* Frameworks */ = {
			isa = PBXFrameworksBuildPhase;
			buildActionMask = 2147483647;
			files = (
			);
			runOnlyForDeploymentPostprocessing = 0;
		};
		53AC693D23FB742D0088CBC0 /* Frameworks */ = {
			isa = PBXFrameworksBuildPhase;
			buildActionMask = 2147483647;
			files = (
			);
			runOnlyForDeploymentPostprocessing = 0;
		};
/* End PBXFrameworksBuildPhase section */

/* Begin PBXGroup section */
		5321421A2403C46700BB5977 /* Repurchase */ = {
			isa = PBXGroup;
			children = (
				5321421E2403C55F00BB5977 /* Controller */,
				5321421D2403C55900BB5977 /* Model */,
				5321421C2403C55400BB5977 /* View */,
				5321421B2403C54D00BB5977 /* ViewModel */,
			);
			path = Repurchase;
			sourceTree = "<group>";
		};
		5321421B2403C54D00BB5977 /* ViewModel */ = {
			isa = PBXGroup;
			children = (
			);
			path = ViewModel;
			sourceTree = "<group>";
		};
		5321421C2403C55400BB5977 /* View */ = {
			isa = PBXGroup;
			children = (
			);
			path = View;
			sourceTree = "<group>";
		};
		5321421D2403C55900BB5977 /* Model */ = {
			isa = PBXGroup;
			children = (
			);
			path = Model;
			sourceTree = "<group>";
		};
		5321421E2403C55F00BB5977 /* Controller */ = {
			isa = PBXGroup;
			children = (
				5321421F2403C57500BB5977 /* SwRepurchaseViewController.swift */,
			);
			path = Controller;
			sourceTree = "<group>";
		};
		532142212403C57F00BB5977 /* Account */ = {
			isa = PBXGroup;
			children = (
				532142252403C5A200BB5977 /* Controller */,
				532142242403C59E00BB5977 /* Model */,
				532142232403C59800BB5977 /* View */,
				532142222403C59100BB5977 /* ViewModel */,
			);
			path = Account;
			sourceTree = "<group>";
		};
		532142222403C59100BB5977 /* ViewModel */ = {
			isa = PBXGroup;
			children = (
			);
			path = ViewModel;
			sourceTree = "<group>";
		};
		532142232403C59800BB5977 /* View */ = {
			isa = PBXGroup;
			children = (
			);
			path = View;
			sourceTree = "<group>";
		};
		532142242403C59E00BB5977 /* Model */ = {
			isa = PBXGroup;
			children = (
			);
			path = Model;
			sourceTree = "<group>";
		};
		532142252403C5A200BB5977 /* Controller */ = {
			isa = PBXGroup;
			children = (
				532142262403C5AD00BB5977 /* SWAccountViewController.swift */,
			);
			path = Controller;
			sourceTree = "<group>";
		};
		532C3D932403C0C000B12A2A /* Cart */ = {
			isa = PBXGroup;
			children = (
				532C3D942403C0E000B12A2A /* Controller */,
				532C3D972403C10800B12A2A /* Model */,
				532C3D962403C10400B12A2A /* View */,
				532C3D952403C0FC00B12A2A /* ViewModel */,
			);
			path = Cart;
			sourceTree = "<group>";
		};
		532C3D942403C0E000B12A2A /* Controller */ = {
			isa = PBXGroup;
			children = (
				532C3D982403C11C00B12A2A /* SWCartViewController.swift */,
			);
			path = Controller;
			sourceTree = "<group>";
		};
		532C3D952403C0FC00B12A2A /* ViewModel */ = {
			isa = PBXGroup;
			children = (
			);
			path = ViewModel;
			sourceTree = "<group>";
		};
		532C3D962403C10400B12A2A /* View */ = {
			isa = PBXGroup;
			children = (
			);
			path = View;
			sourceTree = "<group>";
		};
		532C3D972403C10800B12A2A /* Model */ = {
			isa = PBXGroup;
			children = (
			);
			path = Model;
			sourceTree = "<group>";
		};
		533C5A0E23FBAEF500735670 /* Search */ = {
			isa = PBXGroup;
			children = (
				533C5A1823FBB02000735670 /* Controller */,
				533C5A1723FBAFF600735670 /* Model */,
				533C5A1623FBAFED00735670 /* View */,
				533C5A1523FBAFE600735670 /* ViewModel */,
			);
			path = Search;
			sourceTree = "<group>";
		};
		533C5A1523FBAFE600735670 /* ViewModel */ = {
			isa = PBXGroup;
			children = (
			);
			path = ViewModel;
			sourceTree = "<group>";
		};
		533C5A1623FBAFED00735670 /* View */ = {
			isa = PBXGroup;
			children = (
			);
			path = View;
			sourceTree = "<group>";
		};
		533C5A1723FBAFF600735670 /* Model */ = {
			isa = PBXGroup;
			children = (
			);
			path = Model;
			sourceTree = "<group>";
		};
		533C5A1823FBB02000735670 /* Controller */ = {
			isa = PBXGroup;
			children = (
				533C5A1923FBB03600735670 /* SWSearchViewController.swift */,
			);
			path = Controller;
			sourceTree = "<group>";
		};
		533C5A3523FBB11000735670 /* PageView */ = {
			isa = PBXGroup;
			children = (
				533C5A2223FBB10100735670 /* Protocal.swift */,
				533C5A2423FBB10100735670 /* Helper.swift */,
				533C5A2323FBB10100735670 /* PageCollectionViewFlowLayout.swift */,
				533C5A1F23FBB10000735670 /* PageContentView.swift */,
				533C5A2523FBB10100735670 /* PageStyle.swift */,
				533C5A2023FBB10000735670 /* PageTitleView.swift */,
				533C5A2623FBB10100735670 /* RxPageTitleViewDelegateProxy.swift */,
				533C5A2823FBB10100735670 /* PageTitleView+Rx.swift */,
				533C5A2923FBB10100735670 /* RxPageContentViewDelegateProxy.swift */,
				533C5A2123FBB10100735670 /* PageContentView+Rx.swift */,
			);
			path = PageView;
			sourceTree = "<group>";
		};
		533C5A3623FBB16F00735670 /* Common */ = {
			isa = PBXGroup;
			children = (
				5389E93B240511BD00F18377 /* CustomView */,
				8180CBD72404B9C200D03230 /* ModalView */,
				8180CBD42404B08200D03230 /* StarView */,
				533C5A3523FBB11000735670 /* PageView */,
			);
			path = Common;
			sourceTree = "<group>";
		};
		535F88582404EF70008A4891 /* SwiftExtension */ = {
			isa = PBXGroup;
			children = (
				53D07EF72403A4FE00607088 /* SWUITextFieldExtension.swift */,
				53D07EF92403B4E400607088 /* SWUIControlExtension.swift */,
			);
			path = SwiftExtension;
			sourceTree = "<group>";
		};
		5389E93B240511BD00F18377 /* CustomView */ = {
			isa = PBXGroup;
			children = (
				8174154F240515210033FE43 /* StarView.swift */,
				53EC33E92405152A0003C1E4 /* StarView.swift */,
			);
			path = CustomView;
			sourceTree = "<group>";
		};
		539FD81B24037D0D005CBA87 /* UI */ = {
			isa = PBXGroup;
			children = (
				53AC695F23FB82E60088CBC0 /* Home */,
				533C5A0E23FBAEF500735670 /* Search */,
				532C3D932403C0C000B12A2A /* Cart */,
				5321421A2403C46700BB5977 /* Repurchase */,
				532142212403C57F00BB5977 /* Account */,
			);
			path = UI;
			sourceTree = "<group>";
		};
		53AC691623FB742C0088CBC0 = {
			isa = PBXGroup;
			children = (
				53AC692123FB742C0088CBC0 /* Watashi+ */,
				53AC693823FB742D0088CBC0 /* Watashi+Tests */,
				53AC694323FB742D0088CBC0 /* Watashi+UITests */,
				53AC692023FB742C0088CBC0 /* Products */,
				53AC695923FB7D540088CBC0 /* Frameworks */,
				63A9D11305872E164EF0E599 /* Pods */,
			);
			sourceTree = "<group>";
		};
		53AC692023FB742C0088CBC0 /* Products */ = {
			isa = PBXGroup;
			children = (
				53AC691F23FB742C0088CBC0 /* Watashi+.app */,
				53AC693523FB742D0088CBC0 /* Watashi+Tests.xctest */,
				53AC694023FB742D0088CBC0 /* Watashi+UITests.xctest */,
			);
			name = Products;
			sourceTree = "<group>";
		};
		53AC692123FB742C0088CBC0 /* Watashi+ */ = {
			isa = PBXGroup;
			children = (
				53AC695223FB74390088CBC0 /* Classes */,
				53AC695323FB74460088CBC0 /* Storyboard */,
				53AC695423FB74970088CBC0 /* Supporting Files */,
			);
			path = "Watashi+";
			sourceTree = "<group>";
		};
		53AC693823FB742D0088CBC0 /* Watashi+Tests */ = {
			isa = PBXGroup;
			children = (
				53AC693923FB742D0088CBC0 /* Watashi_Tests.swift */,
				53AC693B23FB742D0088CBC0 /* Info.plist */,
			);
			path = "Watashi+Tests";
			sourceTree = "<group>";
		};
		53AC694323FB742D0088CBC0 /* Watashi+UITests */ = {
			isa = PBXGroup;
			children = (
				53AC694423FB742D0088CBC0 /* Watashi_UITests.swift */,
				53AC694623FB742D0088CBC0 /* Info.plist */,
			);
			path = "Watashi+UITests";
			sourceTree = "<group>";
		};
		53AC695223FB74390088CBC0 /* Classes */ = {
			isa = PBXGroup;
			children = (
				53AC692223FB742C0088CBC0 /* SWAppDelegate.swift */,
				53D07EF02403931200607088 /* Extension */,
				539FD81B24037D0D005CBA87 /* UI */,
				53BC8D0823FBE2CB00C2AF41 /* Manager */,
				533C5A3623FBB16F00735670 /* Common */,
				53AC698F23FB85340088CBC0 /* Network */,
				53AC698423FB851D0088CBC0 /* Util */,
				53AC698223FB83A50088CBC0 /* Base */,
			);
			path = Classes;
			sourceTree = "<group>";
		};
		53AC695323FB74460088CBC0 /* Storyboard */ = {
			isa = PBXGroup;
			children = (
				53AC69A223FBABDE0088CBC0 /* Main.storyboard */,
				53AC69A423FBACBF0088CBC0 /* Home.storyboard */,
				533C5A3723FBB1B100735670 /* Search.storyboard */,
				537BD83A2403C1A30069C44C /* Cart.storyboard */,
				5321422A2403C71600BB5977 /* Repurchase.storyboard */,
				532142282403C6EB00BB5977 /* Account.storyboard */,
				53AC692D23FB742D0088CBC0 /* LaunchScreen.storyboard */,
			);
			path = Storyboard;
			sourceTree = "<group>";
		};
		53AC695423FB74970088CBC0 /* Supporting Files */ = {
			isa = PBXGroup;
			children = (
				53AC695623FB78580088CBC0 /* Assets */,
				53AC695723FB78670088CBC0 /* Plist */,
			);
			path = "Supporting Files";
			sourceTree = "<group>";
		};
		53AC695623FB78580088CBC0 /* Assets */ = {
			isa = PBXGroup;
			children = (
				53AC692B23FB742D0088CBC0 /* Assets.xcassets */,
			);
			path = Assets;
			sourceTree = "<group>";
		};
		53AC695723FB78670088CBC0 /* Plist */ = {
			isa = PBXGroup;
			children = (
				53AC693023FB742D0088CBC0 /* Info.plist */,
			);
			path = Plist;
			sourceTree = "<group>";
		};
		53AC695923FB7D540088CBC0 /* Frameworks */ = {
			isa = PBXGroup;
			children = (
				DFD50D9FA176D0DE9D84F5E4 /* Pods_Watashi_.framework */,
			);
			name = Frameworks;
			sourceTree = "<group>";
		};
		53AC695F23FB82E60088CBC0 /* Home */ = {
			isa = PBXGroup;
			children = (
				53AC696023FB83180088CBC0 /* Controller */,
				53D07EEF240392AA00607088 /* Model */,
				53AC696123FB83220088CBC0 /* View */,
				53AC696223FB832A0088CBC0 /* ViewModel */,
			);
			path = Home;
			sourceTree = "<group>";
		};
		53AC696023FB83180088CBC0 /* Controller */ = {
			isa = PBXGroup;
			children = (
				5389E93924050E1500F18377 /* SWHomeViewController.swift */,
				5389E93524050D8800F18377 /* SWCheckNewProductsViewController.swift */,
				5389E93724050DC700F18377 /* SWTrendViewController.swift */,
				531C9F8723FD2F0500391B77 /* SWSeasonRecommendViewController.swift */,
			);
			path = Controller;
			sourceTree = "<group>";
		};
		53AC696123FB83220088CBC0 /* View */ = {
			isa = PBXGroup;
			children = (
				5322D4A423FE1A200069D0C9 /* SWCheckNewProductsCell.swift */,
				53F6429A23FE6CCE00420A6F /* SWCheckNewProductsHeaderView.swift */,
				53F6429C23FE6D0600420A6F /* SWCheckNewProductsHeaderView.xib */,
				53D07EF524039A4100607088 /* SWHomeSearchField.swift */,
			);
			path = View;
			sourceTree = "<group>";
		};
		53AC696223FB832A0088CBC0 /* ViewModel */ = {
			isa = PBXGroup;
			children = (
			);
			path = ViewModel;
			sourceTree = "<group>";
		};
		53AC698223FB83A50088CBC0 /* Base */ = {
			isa = PBXGroup;
			children = (
				533C5A3923FBB39700735670 /* SWBaseViewController.swift */,
				53AC696823FB83650088CBC0 /* SWBaseCollectionViewCell.swift */,
				534C132923FF6F8B00FEE103 /* SWBaseViewModel.swift */,
			);
			path = Base;
			sourceTree = "<group>";
		};
		53AC698423FB851D0088CBC0 /* Util */ = {
			isa = PBXGroup;
			children = (
				53AC698523FB851D0088CBC0 /* SWConstant.swift */,
				53AC698923FB851D0088CBC0 /* SWAppConfig.swift */,
			);
			path = Util;
			sourceTree = "<group>";
		};
		53AC698F23FB85340088CBC0 /* Network */ = {
			isa = PBXGroup;
			children = (
				53AC699423FB869C0088CBC0 /* SWNetworkRequest.swift */,
				53AC699623FB873F0088CBC0 /* SWNetworkConfig.swift */,
			);
			path = Network;
			sourceTree = "<group>";
		};
		53AC699023FB858F0088CBC0 /* RxExtension */ = {
			isa = PBXGroup;
			children = (
				53AC697423FB83650088CBC0 /* SWUIView+Rx.swift */,
			);
			path = RxExtension;
			sourceTree = "<group>";
		};
		53BC8D0823FBE2CB00C2AF41 /* Manager */ = {
			isa = PBXGroup;
			children = (
				53CF47A023FBE333005A52B9 /* ApiManager.swift */,
			);
			path = Manager;
			sourceTree = "<group>";
		};
		53D07EEF240392AA00607088 /* Model */ = {
			isa = PBXGroup;
			children = (
				53D07EF12403935C00607088 /* SWCheckNewProductsModel.swift */,
			);
			path = Model;
			sourceTree = "<group>";
		};
		53D07EF02403931200607088 /* Extension */ = {
			isa = PBXGroup;
			children = (
				535F88582404EF70008A4891 /* SwiftExtension */,
				53AC699023FB858F0088CBC0 /* RxExtension */,
			);
			path = Extension;
			sourceTree = "<group>";
		};
		63A9D11305872E164EF0E599 /* Pods */ = {
			isa = PBXGroup;
			children = (
				DBF513BC83C284E25B10A497 /* Pods-Watashi+.debug.xcconfig */,
				09D71B44D6B9FF28BB61F630 /* Pods-Watashi+.release.xcconfig */,
			);
			path = Pods;
			sourceTree = "<group>";
		};
		8180CBD72404B9C200D03230 /* ModalView */ = {
			isa = PBXGroup;
			children = (
				8180CBD82404B9D400D03230 /* SWSemiModalView.swift */,
			);
			path = ModalView;
			sourceTree = "<group>";
		};
/* End PBXGroup section */

/* Begin PBXNativeTarget section */
		53AC691E23FB742C0088CBC0 /* Watashi+ */ = {
			isa = PBXNativeTarget;
			buildConfigurationList = 53AC694923FB742D0088CBC0 /* Build configuration list for PBXNativeTarget "Watashi+" */;
			buildPhases = (
				58E1D72B12B86DBC96F23CF1 /* [CP] Check Pods Manifest.lock */,
				53AC691B23FB742C0088CBC0 /* Sources */,
				53AC691C23FB742C0088CBC0 /* Frameworks */,
				53AC691D23FB742C0088CBC0 /* Resources */,
				9856C19FEFD1CDC67A81CB3E /* [CP] Embed Pods Frameworks */,
				53AC699E23FB90160088CBC0 /* CopyFiles */,
			);
			buildRules = (
			);
			dependencies = (
			);
			name = "Watashi+";
			productName = "Watashi+";
			productReference = 53AC691F23FB742C0088CBC0 /* Watashi+.app */;
			productType = "com.apple.product-type.application";
		};
		53AC693423FB742D0088CBC0 /* Watashi+Tests */ = {
			isa = PBXNativeTarget;
			buildConfigurationList = 53AC694C23FB742D0088CBC0 /* Build configuration list for PBXNativeTarget "Watashi+Tests" */;
			buildPhases = (
				53AC693123FB742D0088CBC0 /* Sources */,
				53AC693223FB742D0088CBC0 /* Frameworks */,
				53AC693323FB742D0088CBC0 /* Resources */,
			);
			buildRules = (
			);
			dependencies = (
				53AC693723FB742D0088CBC0 /* PBXTargetDependency */,
			);
			name = "Watashi+Tests";
			productName = "Watashi+Tests";
			productReference = 53AC693523FB742D0088CBC0 /* Watashi+Tests.xctest */;
			productType = "com.apple.product-type.bundle.unit-test";
		};
		53AC693F23FB742D0088CBC0 /* Watashi+UITests */ = {
			isa = PBXNativeTarget;
			buildConfigurationList = 53AC694F23FB742D0088CBC0 /* Build configuration list for PBXNativeTarget "Watashi+UITests" */;
			buildPhases = (
				53AC693C23FB742D0088CBC0 /* Sources */,
				53AC693D23FB742D0088CBC0 /* Frameworks */,
				53AC693E23FB742D0088CBC0 /* Resources */,
			);
			buildRules = (
			);
			dependencies = (
				53AC694223FB742D0088CBC0 /* PBXTargetDependency */,
			);
			name = "Watashi+UITests";
			productName = "Watashi+UITests";
			productReference = 53AC694023FB742D0088CBC0 /* Watashi+UITests.xctest */;
			productType = "com.apple.product-type.bundle.ui-testing";
		};
/* End PBXNativeTarget section */

/* Begin PBXProject section */
		53AC691723FB742C0088CBC0 /* Project object */ = {
			isa = PBXProject;
			attributes = {
				LastSwiftUpdateCheck = 1120;
				LastUpgradeCheck = 1120;
				ORGANIZATIONNAME = "曲振阳";
				TargetAttributes = {
					53AC691E23FB742C0088CBC0 = {
						CreatedOnToolsVersion = 11.2.1;
					};
					53AC693423FB742D0088CBC0 = {
						CreatedOnToolsVersion = 11.2.1;
						TestTargetID = 53AC691E23FB742C0088CBC0;
					};
					53AC693F23FB742D0088CBC0 = {
						CreatedOnToolsVersion = 11.2.1;
						TestTargetID = 53AC691E23FB742C0088CBC0;
					};
				};
			};
			buildConfigurationList = 53AC691A23FB742C0088CBC0 /* Build configuration list for PBXProject "Watashi+" */;
			compatibilityVersion = "Xcode 9.3";
			developmentRegion = en;
			hasScannedForEncodings = 0;
			knownRegions = (
				en,
				Base,
			);
			mainGroup = 53AC691623FB742C0088CBC0;
			productRefGroup = 53AC692023FB742C0088CBC0 /* Products */;
			projectDirPath = "";
			projectRoot = "";
			targets = (
				53AC691E23FB742C0088CBC0 /* Watashi+ */,
				53AC693423FB742D0088CBC0 /* Watashi+Tests */,
				53AC693F23FB742D0088CBC0 /* Watashi+UITests */,
			);
		};
/* End PBXProject section */

/* Begin PBXResourcesBuildPhase section */
		53AC691D23FB742C0088CBC0 /* Resources */ = {
			isa = PBXResourcesBuildPhase;
			buildActionMask = 2147483647;
			files = (
				537BD83B2403C1A30069C44C /* Cart.storyboard in Resources */,
				53AC69A323FBABDE0088CBC0 /* Main.storyboard in Resources */,
				53AC692F23FB742D0088CBC0 /* LaunchScreen.storyboard in Resources */,
				53AC692C23FB742D0088CBC0 /* Assets.xcassets in Resources */,
				533C5A3823FBB1B100735670 /* Search.storyboard in Resources */,
				53F6429D23FE6D0600420A6F /* SWCheckNewProductsHeaderView.xib in Resources */,
				532142292403C6EB00BB5977 /* Account.storyboard in Resources */,
				5321422B2403C71600BB5977 /* Repurchase.storyboard in Resources */,
				53AC69A523FBACBF0088CBC0 /* Home.storyboard in Resources */,
			);
			runOnlyForDeploymentPostprocessing = 0;
		};
		53AC693323FB742D0088CBC0 /* Resources */ = {
			isa = PBXResourcesBuildPhase;
			buildActionMask = 2147483647;
			files = (
			);
			runOnlyForDeploymentPostprocessing = 0;
		};
		53AC693E23FB742D0088CBC0 /* Resources */ = {
			isa = PBXResourcesBuildPhase;
			buildActionMask = 2147483647;
			files = (
			);
			runOnlyForDeploymentPostprocessing = 0;
		};
/* End PBXResourcesBuildPhase section */

/* Begin PBXShellScriptBuildPhase section */
		58E1D72B12B86DBC96F23CF1 /* [CP] Check Pods Manifest.lock */ = {
			isa = PBXShellScriptBuildPhase;
			buildActionMask = 2147483647;
			files = (
			);
			inputFileListPaths = (
			);
			inputPaths = (
				"${PODS_PODFILE_DIR_PATH}/Podfile.lock",
				"${PODS_ROOT}/Manifest.lock",
			);
			name = "[CP] Check Pods Manifest.lock";
			outputFileListPaths = (
			);
			outputPaths = (
				"$(DERIVED_FILE_DIR)/Pods-Watashi+-checkManifestLockResult.txt",
			);
			runOnlyForDeploymentPostprocessing = 0;
			shellPath = /bin/sh;
			shellScript = "diff \"${PODS_PODFILE_DIR_PATH}/Podfile.lock\" \"${PODS_ROOT}/Manifest.lock\" > /dev/null\nif [ $? != 0 ] ; then\n    # print error to STDERR\n    echo \"error: The sandbox is not in sync with the Podfile.lock. Run 'pod install' or update your CocoaPods installation.\" >&2\n    exit 1\nfi\n# This output is used by Xcode 'outputs' to avoid re-running this script phase.\necho \"SUCCESS\" > \"${SCRIPT_OUTPUT_FILE_0}\"\n";
			showEnvVarsInLog = 0;
		};
		9856C19FEFD1CDC67A81CB3E /* [CP] Embed Pods Frameworks */ = {
			isa = PBXShellScriptBuildPhase;
			buildActionMask = 2147483647;
			files = (
			);
			inputFileListPaths = (
				"${PODS_ROOT}/Target Support Files/Pods-Watashi+/Pods-Watashi+-frameworks-${CONFIGURATION}-input-files.xcfilelist",
			);
			name = "[CP] Embed Pods Frameworks";
			outputFileListPaths = (
				"${PODS_ROOT}/Target Support Files/Pods-Watashi+/Pods-Watashi+-frameworks-${CONFIGURATION}-output-files.xcfilelist",
			);
			runOnlyForDeploymentPostprocessing = 0;
			shellPath = /bin/sh;
			shellScript = "\"${PODS_ROOT}/Target Support Files/Pods-Watashi+/Pods-Watashi+-frameworks.sh\"\n";
			showEnvVarsInLog = 0;
		};
/* End PBXShellScriptBuildPhase section */

/* Begin PBXSourcesBuildPhase section */
		53AC691B23FB742C0088CBC0 /* Sources */ = {
			isa = PBXSourcesBuildPhase;
			buildActionMask = 2147483647;
			files = (
				531C9F8823FD2F0500391B77 /* SWSeasonRecommendViewController.swift in Sources */,
				533C5A3323FBB10100735670 /* PageTitleView+Rx.swift in Sources */,
				533C5A3123FBB10100735670 /* RxPageTitleViewDelegateProxy.swift in Sources */,
				533C5A2E23FBB10100735670 /* PageCollectionViewFlowLayout.swift in Sources */,
				53D07EF82403A4FE00607088 /* SWUITextFieldExtension.swift in Sources */,
				5389E93624050D8900F18377 /* SWCheckNewProductsViewController.swift in Sources */,
				533C5A2B23FBB10100735670 /* PageTitleView.swift in Sources */,
				53AC698A23FB851D0088CBC0 /* SWConstant.swift in Sources */,
				533C5A3A23FBB39700735670 /* SWBaseViewController.swift in Sources */,
				532142272403C5AD00BB5977 /* SWAccountViewController.swift in Sources */,
				5322D4A523FE1A200069D0C9 /* SWCheckNewProductsCell.swift in Sources */,
				53AC698E23FB851D0088CBC0 /* SWAppConfig.swift in Sources */,
				5389E93A24050E1500F18377 /* SWHomeViewController.swift in Sources */,
				532142202403C57500BB5977 /* SwRepurchaseViewController.swift in Sources */,
				533C5A2D23FBB10100735670 /* Protocal.swift in Sources */,
				533C5A2A23FBB10100735670 /* PageContentView.swift in Sources */,
				532C3D992403C11C00B12A2A /* SWCartViewController.swift in Sources */,
				533C5A3023FBB10100735670 /* PageStyle.swift in Sources */,
				53CF47A123FBE333005A52B9 /* ApiManager.swift in Sources */,
				53D07EF22403935C00607088 /* SWCheckNewProductsModel.swift in Sources */,
				533C5A2F23FBB10100735670 /* Helper.swift in Sources */,
				533C5A2C23FBB10100735670 /* PageContentView+Rx.swift in Sources */,
				534C132A23FF6F8B00FEE103 /* SWBaseViewModel.swift in Sources */,
				53AC692323FB742C0088CBC0 /* SWAppDelegate.swift in Sources */,
				53AC698123FB83650088CBC0 /* SWUIView+Rx.swift in Sources */,
				53AC699723FB873F0088CBC0 /* SWNetworkConfig.swift in Sources */,
				533C5A1A23FBB03600735670 /* SWSearchViewController.swift in Sources */,
				53D07EFA2403B4E400607088 /* SWUIControlExtension.swift in Sources */,
				53D07EF624039A4100607088 /* SWHomeSearchField.swift in Sources */,
				533C5A3423FBB10100735670 /* RxPageContentViewDelegateProxy.swift in Sources */,
				5389E93824050DC700F18377 /* SWTrendViewController.swift in Sources */,
				53AC699523FB869C0088CBC0 /* SWNetworkRequest.swift in Sources */,
				53AC697723FB83650088CBC0 /* SWBaseCollectionViewCell.swift in Sources */,
				53F6429B23FE6CCE00420A6F /* SWCheckNewProductsHeaderView.swift in Sources */,
				8180CBD92404B9D400D03230 /* SWSemiModalView.swift in Sources */,
				53AC699523FB869C0088CBC0 /* SWNetworkRequest.swift in Sources */,
				53AC697723FB83650088CBC0 /* SWBaseCollectionViewCell.swift in Sources */,
				81741550240515220033FE43 /* StarView.swift in Sources */,
				8180CBD92404B9D400D03230 /* SemiModalView.swift in Sources */,
				53AC699523FB869C0088CBC0 /* SWNetworkRequest.swift in Sources */,
				53AC697723FB83650088CBC0 /* SWBaseCollectionViewCell.swift in Sources */,
				53EC33EA2405152A0003C1E4 /* StarView.swift in Sources */,
				53F6429B23FE6CCE00420A6F /* SWCheckNewProductsHeaderView.swift in Sources */,
			);
			runOnlyForDeploymentPostprocessing = 0;
		};
		53AC693123FB742D0088CBC0 /* Sources */ = {
			isa = PBXSourcesBuildPhase;
			buildActionMask = 2147483647;
			files = (
				53AC693A23FB742D0088CBC0 /* Watashi_Tests.swift in Sources */,
			);
			runOnlyForDeploymentPostprocessing = 0;
		};
		53AC693C23FB742D0088CBC0 /* Sources */ = {
			isa = PBXSourcesBuildPhase;
			buildActionMask = 2147483647;
			files = (
				53AC694523FB742D0088CBC0 /* Watashi_UITests.swift in Sources */,
			);
			runOnlyForDeploymentPostprocessing = 0;
		};
/* End PBXSourcesBuildPhase section */

/* Begin PBXTargetDependency section */
		53AC693723FB742D0088CBC0 /* PBXTargetDependency */ = {
			isa = PBXTargetDependency;
			target = 53AC691E23FB742C0088CBC0 /* Watashi+ */;
			targetProxy = 53AC693623FB742D0088CBC0 /* PBXContainerItemProxy */;
		};
		53AC694223FB742D0088CBC0 /* PBXTargetDependency */ = {
			isa = PBXTargetDependency;
			target = 53AC691E23FB742C0088CBC0 /* Watashi+ */;
			targetProxy = 53AC694123FB742D0088CBC0 /* PBXContainerItemProxy */;
		};
/* End PBXTargetDependency section */

/* Begin PBXVariantGroup section */
		53AC692D23FB742D0088CBC0 /* LaunchScreen.storyboard */ = {
			isa = PBXVariantGroup;
			children = (
				53AC692E23FB742D0088CBC0 /* Base */,
			);
			name = LaunchScreen.storyboard;
			sourceTree = "<group>";
		};
/* End PBXVariantGroup section */

/* Begin XCBuildConfiguration section */
		53AC694723FB742D0088CBC0 /* Debug */ = {
			isa = XCBuildConfiguration;
			buildSettings = {
				ALWAYS_SEARCH_USER_PATHS = NO;
				CLANG_ANALYZER_NONNULL = YES;
				CLANG_ANALYZER_NUMBER_OBJECT_CONVERSION = YES_AGGRESSIVE;
				CLANG_CXX_LANGUAGE_STANDARD = "gnu++14";
				CLANG_CXX_LIBRARY = "libc++";
				CLANG_ENABLE_MODULES = YES;
				CLANG_ENABLE_OBJC_ARC = YES;
				CLANG_ENABLE_OBJC_WEAK = YES;
				CLANG_WARN_BLOCK_CAPTURE_AUTORELEASING = YES;
				CLANG_WARN_BOOL_CONVERSION = YES;
				CLANG_WARN_COMMA = YES;
				CLANG_WARN_CONSTANT_CONVERSION = YES;
				CLANG_WARN_DEPRECATED_OBJC_IMPLEMENTATIONS = YES;
				CLANG_WARN_DIRECT_OBJC_ISA_USAGE = YES_ERROR;
				CLANG_WARN_DOCUMENTATION_COMMENTS = YES;
				CLANG_WARN_EMPTY_BODY = YES;
				CLANG_WARN_ENUM_CONVERSION = YES;
				CLANG_WARN_INFINITE_RECURSION = YES;
				CLANG_WARN_INT_CONVERSION = YES;
				CLANG_WARN_NON_LITERAL_NULL_CONVERSION = YES;
				CLANG_WARN_OBJC_IMPLICIT_RETAIN_SELF = YES;
				CLANG_WARN_OBJC_LITERAL_CONVERSION = YES;
				CLANG_WARN_OBJC_ROOT_CLASS = YES_ERROR;
				CLANG_WARN_RANGE_LOOP_ANALYSIS = YES;
				CLANG_WARN_STRICT_PROTOTYPES = YES;
				CLANG_WARN_SUSPICIOUS_MOVE = YES;
				CLANG_WARN_UNGUARDED_AVAILABILITY = YES_AGGRESSIVE;
				CLANG_WARN_UNREACHABLE_CODE = YES;
				CLANG_WARN__DUPLICATE_METHOD_MATCH = YES;
				COPY_PHASE_STRIP = NO;
				DEBUG_INFORMATION_FORMAT = dwarf;
				ENABLE_STRICT_OBJC_MSGSEND = YES;
				ENABLE_TESTABILITY = YES;
				GCC_C_LANGUAGE_STANDARD = gnu11;
				GCC_DYNAMIC_NO_PIC = NO;
				GCC_NO_COMMON_BLOCKS = YES;
				GCC_OPTIMIZATION_LEVEL = 0;
				GCC_PREPROCESSOR_DEFINITIONS = (
					"DEBUG=1",
					"$(inherited)",
				);
				GCC_WARN_64_TO_32_BIT_CONVERSION = YES;
				GCC_WARN_ABOUT_RETURN_TYPE = YES_ERROR;
				GCC_WARN_UNDECLARED_SELECTOR = YES;
				GCC_WARN_UNINITIALIZED_AUTOS = YES_AGGRESSIVE;
				GCC_WARN_UNUSED_FUNCTION = YES;
				GCC_WARN_UNUSED_VARIABLE = YES;
				IPHONEOS_DEPLOYMENT_TARGET = 13.2;
				MTL_ENABLE_DEBUG_INFO = INCLUDE_SOURCE;
				MTL_FAST_MATH = YES;
				ONLY_ACTIVE_ARCH = YES;
				SDKROOT = iphoneos;
				SWIFT_ACTIVE_COMPILATION_CONDITIONS = DEBUG;
				SWIFT_OPTIMIZATION_LEVEL = "-Onone";
			};
			name = Debug;
		};
		53AC694823FB742D0088CBC0 /* Release */ = {
			isa = XCBuildConfiguration;
			buildSettings = {
				ALWAYS_SEARCH_USER_PATHS = NO;
				CLANG_ANALYZER_NONNULL = YES;
				CLANG_ANALYZER_NUMBER_OBJECT_CONVERSION = YES_AGGRESSIVE;
				CLANG_CXX_LANGUAGE_STANDARD = "gnu++14";
				CLANG_CXX_LIBRARY = "libc++";
				CLANG_ENABLE_MODULES = YES;
				CLANG_ENABLE_OBJC_ARC = YES;
				CLANG_ENABLE_OBJC_WEAK = YES;
				CLANG_WARN_BLOCK_CAPTURE_AUTORELEASING = YES;
				CLANG_WARN_BOOL_CONVERSION = YES;
				CLANG_WARN_COMMA = YES;
				CLANG_WARN_CONSTANT_CONVERSION = YES;
				CLANG_WARN_DEPRECATED_OBJC_IMPLEMENTATIONS = YES;
				CLANG_WARN_DIRECT_OBJC_ISA_USAGE = YES_ERROR;
				CLANG_WARN_DOCUMENTATION_COMMENTS = YES;
				CLANG_WARN_EMPTY_BODY = YES;
				CLANG_WARN_ENUM_CONVERSION = YES;
				CLANG_WARN_INFINITE_RECURSION = YES;
				CLANG_WARN_INT_CONVERSION = YES;
				CLANG_WARN_NON_LITERAL_NULL_CONVERSION = YES;
				CLANG_WARN_OBJC_IMPLICIT_RETAIN_SELF = YES;
				CLANG_WARN_OBJC_LITERAL_CONVERSION = YES;
				CLANG_WARN_OBJC_ROOT_CLASS = YES_ERROR;
				CLANG_WARN_RANGE_LOOP_ANALYSIS = YES;
				CLANG_WARN_STRICT_PROTOTYPES = YES;
				CLANG_WARN_SUSPICIOUS_MOVE = YES;
				CLANG_WARN_UNGUARDED_AVAILABILITY = YES_AGGRESSIVE;
				CLANG_WARN_UNREACHABLE_CODE = YES;
				CLANG_WARN__DUPLICATE_METHOD_MATCH = YES;
				COPY_PHASE_STRIP = NO;
				DEBUG_INFORMATION_FORMAT = "dwarf-with-dsym";
				ENABLE_NS_ASSERTIONS = NO;
				ENABLE_STRICT_OBJC_MSGSEND = YES;
				GCC_C_LANGUAGE_STANDARD = gnu11;
				GCC_NO_COMMON_BLOCKS = YES;
				GCC_WARN_64_TO_32_BIT_CONVERSION = YES;
				GCC_WARN_ABOUT_RETURN_TYPE = YES_ERROR;
				GCC_WARN_UNDECLARED_SELECTOR = YES;
				GCC_WARN_UNINITIALIZED_AUTOS = YES_AGGRESSIVE;
				GCC_WARN_UNUSED_FUNCTION = YES;
				GCC_WARN_UNUSED_VARIABLE = YES;
				IPHONEOS_DEPLOYMENT_TARGET = 13.2;
				MTL_ENABLE_DEBUG_INFO = NO;
				MTL_FAST_MATH = YES;
				SDKROOT = iphoneos;
				SWIFT_COMPILATION_MODE = wholemodule;
				SWIFT_OPTIMIZATION_LEVEL = "-O";
				VALIDATE_PRODUCT = YES;
			};
			name = Release;
		};
		53AC694A23FB742D0088CBC0 /* Debug */ = {
			isa = XCBuildConfiguration;
			baseConfigurationReference = DBF513BC83C284E25B10A497 /* Pods-Watashi+.debug.xcconfig */;
			buildSettings = {
				ASSETCATALOG_COMPILER_APPICON_NAME = AppIcon;
				CODE_SIGN_STYLE = Automatic;
				FRAMEWORK_SEARCH_PATHS = (
					"$(inherited)",
					"\"${PODS_CONFIGURATION_BUILD_DIR}/Alamofire\"",
					"\"${PODS_CONFIGURATION_BUILD_DIR}/IQKeyboardManagerSwift\"",
					"\"${PODS_CONFIGURATION_BUILD_DIR}/Moya\"",
					"\"${PODS_CONFIGURATION_BUILD_DIR}/Result\"",
					"\"${PODS_CONFIGURATION_BUILD_DIR}/Reusable\"",
					"\"${PODS_CONFIGURATION_BUILD_DIR}/RxCocoa\"",
					"\"${PODS_CONFIGURATION_BUILD_DIR}/RxRelay\"",
					"\"${PODS_CONFIGURATION_BUILD_DIR}/RxSwift\"",
					"\"${PODS_CONFIGURATION_BUILD_DIR}/SnapKit\"",
					"\"${PODS_CONFIGURATION_BUILD_DIR}/SwiftyJSON\"",
				);
				INFOPLIST_FILE = "Watashi+/Supporting Files/Plist/Info.plist";
				IPHONEOS_DEPLOYMENT_TARGET = 12.0;
				LD_RUNPATH_SEARCH_PATHS = (
					"$(inherited)",
					"@executable_path/Frameworks",
				);
				PRODUCT_BUNDLE_IDENTIFIER = com.watashi.cn;
				PRODUCT_NAME = "$(TARGET_NAME)";
				SWIFT_VERSION = 5.0;
				TARGETED_DEVICE_FAMILY = "1,2";
			};
			name = Debug;
		};
		53AC694B23FB742D0088CBC0 /* Release */ = {
			isa = XCBuildConfiguration;
			baseConfigurationReference = 09D71B44D6B9FF28BB61F630 /* Pods-Watashi+.release.xcconfig */;
			buildSettings = {
				ASSETCATALOG_COMPILER_APPICON_NAME = AppIcon;
				CODE_SIGN_STYLE = Automatic;
				FRAMEWORK_SEARCH_PATHS = (
					"$(inherited)",
					"\"${PODS_CONFIGURATION_BUILD_DIR}/Alamofire\"",
					"\"${PODS_CONFIGURATION_BUILD_DIR}/IQKeyboardManagerSwift\"",
					"\"${PODS_CONFIGURATION_BUILD_DIR}/Moya\"",
					"\"${PODS_CONFIGURATION_BUILD_DIR}/Result\"",
					"\"${PODS_CONFIGURATION_BUILD_DIR}/Reusable\"",
					"\"${PODS_CONFIGURATION_BUILD_DIR}/RxCocoa\"",
					"\"${PODS_CONFIGURATION_BUILD_DIR}/RxRelay\"",
					"\"${PODS_CONFIGURATION_BUILD_DIR}/RxSwift\"",
					"\"${PODS_CONFIGURATION_BUILD_DIR}/SnapKit\"",
					"\"${PODS_CONFIGURATION_BUILD_DIR}/SwiftyJSON\"",
				);
				INFOPLIST_FILE = "Watashi+/Supporting Files/Plist/Info.plist";
				IPHONEOS_DEPLOYMENT_TARGET = 12.0;
				LD_RUNPATH_SEARCH_PATHS = (
					"$(inherited)",
					"@executable_path/Frameworks",
				);
				PRODUCT_BUNDLE_IDENTIFIER = com.watashi.cn;
				PRODUCT_NAME = "$(TARGET_NAME)";
				SWIFT_VERSION = 5.0;
				TARGETED_DEVICE_FAMILY = "1,2";
			};
			name = Release;
		};
		53AC694D23FB742D0088CBC0 /* Debug */ = {
			isa = XCBuildConfiguration;
			buildSettings = {
				ALWAYS_EMBED_SWIFT_STANDARD_LIBRARIES = YES;
				BUNDLE_LOADER = "$(TEST_HOST)";
				CODE_SIGN_STYLE = Automatic;
				INFOPLIST_FILE = "Watashi+Tests/Info.plist";
				IPHONEOS_DEPLOYMENT_TARGET = 13.2;
				LD_RUNPATH_SEARCH_PATHS = (
					"$(inherited)",
					"@executable_path/Frameworks",
					"@loader_path/Frameworks",
				);
				PRODUCT_BUNDLE_IDENTIFIER = "-11.Watashi-Tests";
				PRODUCT_NAME = "$(TARGET_NAME)";
				SWIFT_VERSION = 5.0;
				TARGETED_DEVICE_FAMILY = "1,2";
				TEST_HOST = "$(BUILT_PRODUCTS_DIR)/Watashi+.app/Watashi+";
			};
			name = Debug;
		};
		53AC694E23FB742D0088CBC0 /* Release */ = {
			isa = XCBuildConfiguration;
			buildSettings = {
				ALWAYS_EMBED_SWIFT_STANDARD_LIBRARIES = YES;
				BUNDLE_LOADER = "$(TEST_HOST)";
				CODE_SIGN_STYLE = Automatic;
				INFOPLIST_FILE = "Watashi+Tests/Info.plist";
				IPHONEOS_DEPLOYMENT_TARGET = 13.2;
				LD_RUNPATH_SEARCH_PATHS = (
					"$(inherited)",
					"@executable_path/Frameworks",
					"@loader_path/Frameworks",
				);
				PRODUCT_BUNDLE_IDENTIFIER = "-11.Watashi-Tests";
				PRODUCT_NAME = "$(TARGET_NAME)";
				SWIFT_VERSION = 5.0;
				TARGETED_DEVICE_FAMILY = "1,2";
				TEST_HOST = "$(BUILT_PRODUCTS_DIR)/Watashi+.app/Watashi+";
			};
			name = Release;
		};
		53AC695023FB742D0088CBC0 /* Debug */ = {
			isa = XCBuildConfiguration;
			buildSettings = {
				ALWAYS_EMBED_SWIFT_STANDARD_LIBRARIES = YES;
				CODE_SIGN_STYLE = Automatic;
				INFOPLIST_FILE = "Watashi+UITests/Info.plist";
				LD_RUNPATH_SEARCH_PATHS = (
					"$(inherited)",
					"@executable_path/Frameworks",
					"@loader_path/Frameworks",
				);
				PRODUCT_BUNDLE_IDENTIFIER = "-11.Watashi-UITests";
				PRODUCT_NAME = "$(TARGET_NAME)";
				SWIFT_VERSION = 5.0;
				TARGETED_DEVICE_FAMILY = "1,2";
				TEST_TARGET_NAME = "Watashi+";
			};
			name = Debug;
		};
		53AC695123FB742D0088CBC0 /* Release */ = {
			isa = XCBuildConfiguration;
			buildSettings = {
				ALWAYS_EMBED_SWIFT_STANDARD_LIBRARIES = YES;
				CODE_SIGN_STYLE = Automatic;
				INFOPLIST_FILE = "Watashi+UITests/Info.plist";
				LD_RUNPATH_SEARCH_PATHS = (
					"$(inherited)",
					"@executable_path/Frameworks",
					"@loader_path/Frameworks",
				);
				PRODUCT_BUNDLE_IDENTIFIER = "-11.Watashi-UITests";
				PRODUCT_NAME = "$(TARGET_NAME)";
				SWIFT_VERSION = 5.0;
				TARGETED_DEVICE_FAMILY = "1,2";
				TEST_TARGET_NAME = "Watashi+";
			};
			name = Release;
		};
/* End XCBuildConfiguration section */

/* Begin XCConfigurationList section */
		53AC691A23FB742C0088CBC0 /* Build configuration list for PBXProject "Watashi+" */ = {
			isa = XCConfigurationList;
			buildConfigurations = (
				53AC694723FB742D0088CBC0 /* Debug */,
				53AC694823FB742D0088CBC0 /* Release */,
			);
			defaultConfigurationIsVisible = 0;
			defaultConfigurationName = Release;
		};
		53AC694923FB742D0088CBC0 /* Build configuration list for PBXNativeTarget "Watashi+" */ = {
			isa = XCConfigurationList;
			buildConfigurations = (
				53AC694A23FB742D0088CBC0 /* Debug */,
				53AC694B23FB742D0088CBC0 /* Release */,
			);
			defaultConfigurationIsVisible = 0;
			defaultConfigurationName = Release;
		};
		53AC694C23FB742D0088CBC0 /* Build configuration list for PBXNativeTarget "Watashi+Tests" */ = {
			isa = XCConfigurationList;
			buildConfigurations = (
				53AC694D23FB742D0088CBC0 /* Debug */,
				53AC694E23FB742D0088CBC0 /* Release */,
			);
			defaultConfigurationIsVisible = 0;
			defaultConfigurationName = Release;
		};
		53AC694F23FB742D0088CBC0 /* Build configuration list for PBXNativeTarget "Watashi+UITests" */ = {
			isa = XCConfigurationList;
			buildConfigurations = (
				53AC695023FB742D0088CBC0 /* Debug */,
				53AC695123FB742D0088CBC0 /* Release */,
			);
			defaultConfigurationIsVisible = 0;
			defaultConfigurationName = Release;
		};
/* End XCConfigurationList section */
	};
	rootObject = 53AC691723FB742C0088CBC0 /* Project object */;
}
